
Microsoft Visual Studio Solution File, Format Version 12.00
# Visual Studio 15
VisualStudioVersion = 15.0.26403.7
MinimumVisualStudioVersion = 10.0.40219.1
Project("{FAE04EC0-301F-11D3-BF4B-00C04F79EFBC}") = "first_app", "first_app\first_app.csproj", "{8C879946-E910-49E2-BEE1-6488B8B17681}"
EndProject
Global
	GlobalSection(SolutionConfigurationPlatforms) = preSolution
		Debug|Any CPU = Debug|Any CPU
		Release|Any CPU = Release|Any CPU
	EndGlobalSection
	GlobalSection(ProjectConfigurationPlatforms) = postSolution
		{8C879946-E910-49E2-BEE1-6488B8B17681}.Debug|Any CPU.ActiveCfg = Debug|Any CPU
		{8C879946-E910-49E2-BEE1-6488B8B17681}.Debug|Any CPU.Build.0 = Debug|Any CPU
		{8C879946-E910-49E2-BEE1-6488B8B17681}.Release|Any CPU.ActiveCfg = Release|Any CPU
		{8C879946-E910-49E2-BEE1-6488B8B17681}.Release|Any CPU.Build.0 = Release|Any CPU
	EndGlobalSection
	GlobalSection(SolutionProperties) = preSolution
		HideSolutionNode = FALSE
	EndGlobalSection
EndGlobal
